
Microsoft Visual Studio Solution File, Format Version 12.00
# Visual Studio Version 17
VisualStudioVersion = 17.2.32616.157
MinimumVisualStudioVersion = 10.0.40219.1
Project("{2150E333-8FDC-42A3-9474-1A3956D46DE8}") = "RabbitMQ(消息队列)", "RabbitMQ(消息队列)", "{B6BCE427-9CCE-400B-9C19-6A67B60ECB56}"
EndProject
Project("{FAE04EC0-301F-11D3-BF4B-00C04F79EFBC}") = "RabbitMQ.Consumer", "RabbitMQ.Consumer\RabbitMQ.Consumer.csproj", "{811238A2-49F9-425E-AFC5-5900F9D59574}"
EndProject
Project("{FAE04EC0-301F-11D3-BF4B-00C04F79EFBC}") = "RabbitMQ.Producer", "RabbitMQ.Producer\RabbitMQ.Producer.csproj", "{1E8F62A9-0B3C-4C74-A6C8-97CED57637F3}"
EndProject
Global
	GlobalSection(SolutionConfigurationPlatforms) = preSolution
		Debug|Any CPU = Debug|Any CPU
		Release|Any CPU = Release|Any CPU
	EndGlobalSection
	GlobalSection(ProjectConfigurationPlatforms) = postSolution
		{811238A2-49F9-425E-AFC5-5900F9D59574}.Debug|Any CPU.ActiveCfg = Debug|Any CPU
		{811238A2-49F9-425E-AFC5-5900F9D59574}.Debug|Any CPU.Build.0 = Debug|Any CPU
		{811238A2-49F9-425E-AFC5-5900F9D59574}.Release|Any CPU.ActiveCfg = Release|Any CPU
		{811238A2-49F9-425E-AFC5-5900F9D59574}.Release|Any CPU.Build.0 = Release|Any CPU
		{1E8F62A9-0B3C-4C74-A6C8-97CED57637F3}.Debug|Any CPU.ActiveCfg = Debug|Any CPU
		{1E8F62A9-0B3C-4C74-A6C8-97CED57637F3}.Debug|Any CPU.Build.0 = Debug|Any CPU
		{1E8F62A9-0B3C-4C74-A6C8-97CED57637F3}.Release|Any CPU.ActiveCfg = Release|Any CPU
		{1E8F62A9-0B3C-4C74-A6C8-97CED57637F3}.Release|Any CPU.Build.0 = Release|Any CPU
	EndGlobalSection
	GlobalSection(SolutionProperties) = preSolution
		HideSolutionNode = FALSE
	EndGlobalSection
	GlobalSection(NestedProjects) = preSolution
		{811238A2-49F9-425E-AFC5-5900F9D59574} = {B6BCE427-9CCE-400B-9C19-6A67B60ECB56}
		{1E8F62A9-0B3C-4C74-A6C8-97CED57637F3} = {B6BCE427-9CCE-400B-9C19-6A67B60ECB56}
	EndGlobalSection
	GlobalSection(ExtensibilityGlobals) = postSolution
		SolutionGuid = {3E5FBE1A-5070-4098-896F-BF4E94329EC3}
	EndGlobalSection
EndGlobal
